
Microsoft Visual Studio Solution File, Format Version 12.00
# Visual Studio Version 16
VisualStudioVersion = 16.0.29806.167
MinimumVisualStudioVersion = 10.0.40219.1
Project("{FAE04EC0-301F-11D3-BF4B-00C04F79EFBC}") = "ModelDesignFirst_L1", "ModelDesignFirst_L1\ModelDesignFirst_L1.csproj", "{3B1B0C08-B7F2-4BA4-86D7-19F0C1559DA8}"
EndProject
Project("{FAE04EC0-301F-11D3-BF4B-00C04F79EFBC}") = "ObjectWCF", "ObjectWCF\ObjectWCF.csproj", "{C7284D7C-BB15-4417-9121-F2DC6C3844D7}"
EndProject
Project("{FAE04EC0-301F-11D3-BF4B-00C04F79EFBC}") = "formstandard", "formstandard\formstandard.csproj", "{7F0A9A63-03EF-4A98-9858-FE9CC72C3138}"
EndProject
Project("{FAE04EC0-301F-11D3-BF4B-00C04F79EFBC}") = "HostWCF", "HostWCF\HostWCF.csproj", "{0A36048B-E04B-4ACD-A085-CA9F8F1B880A}"
EndProject
Global
	GlobalSection(SolutionConfigurationPlatforms) = preSolution
		Debug|Any CPU = Debug|Any CPU
		Release|Any CPU = Release|Any CPU
	EndGlobalSection
	GlobalSection(ProjectConfigurationPlatforms) = postSolution
		{3B1B0C08-B7F2-4BA4-86D7-19F0C1559DA8}.Debug|Any CPU.ActiveCfg = Debug|Any CPU
		{3B1B0C08-B7F2-4BA4-86D7-19F0C1559DA8}.Debug|Any CPU.Build.0 = Debug|Any CPU
		{3B1B0C08-B7F2-4BA4-86D7-19F0C1559DA8}.Release|Any CPU.ActiveCfg = Release|Any CPU
		{3B1B0C08-B7F2-4BA4-86D7-19F0C1559DA8}.Release|Any CPU.Build.0 = Release|Any CPU
		{C7284D7C-BB15-4417-9121-F2DC6C3844D7}.Debug|Any CPU.ActiveCfg = Debug|Any CPU
		{C7284D7C-BB15-4417-9121-F2DC6C3844D7}.Debug|Any CPU.Build.0 = Debug|Any CPU
		{C7284D7C-BB15-4417-9121-F2DC6C3844D7}.Release|Any CPU.ActiveCfg = Release|Any CPU
		{C7284D7C-BB15-4417-9121-F2DC6C3844D7}.Release|Any CPU.Build.0 = Release|Any CPU
		{7F0A9A63-03EF-4A98-9858-FE9CC72C3138}.Debug|Any CPU.ActiveCfg = Debug|Any CPU
		{7F0A9A63-03EF-4A98-9858-FE9CC72C3138}.Debug|Any CPU.Build.0 = Debug|Any CPU
		{7F0A9A63-03EF-4A98-9858-FE9CC72C3138}.Release|Any CPU.ActiveCfg = Release|Any CPU
		{7F0A9A63-03EF-4A98-9858-FE9CC72C3138}.Release|Any CPU.Build.0 = Release|Any CPU
		{0A36048B-E04B-4ACD-A085-CA9F8F1B880A}.Debug|Any CPU.ActiveCfg = Debug|Any CPU
		{0A36048B-E04B-4ACD-A085-CA9F8F1B880A}.Debug|Any CPU.Build.0 = Debug|Any CPU
		{0A36048B-E04B-4ACD-A085-CA9F8F1B880A}.Release|Any CPU.ActiveCfg = Release|Any CPU
		{0A36048B-E04B-4ACD-A085-CA9F8F1B880A}.Release|Any CPU.Build.0 = Release|Any CPU
	EndGlobalSection
	GlobalSection(SolutionProperties) = preSolution
		HideSolutionNode = FALSE
	EndGlobalSection
	GlobalSection(ExtensibilityGlobals) = postSolution
		SolutionGuid = {4C6AC2B1-D669-4D3D-9524-4D59963DD866}
	EndGlobalSection
EndGlobal
