
Microsoft Visual Studio Solution File, Format Version 12.00
# Visual Studio Version 16
VisualStudioVersion = 16.0.30002.166
MinimumVisualStudioVersion = 10.0.40219.1
Project("{9A19103F-16F7-4668-BE54-9A1E7A4F7556}") = "GrpcGreeter", "GrpcGreeter.csproj", "{29452C51-EF65-4258-B5CC-474A0DB40E5E}"
EndProject
Project("{9A19103F-16F7-4668-BE54-9A1E7A4F7556}") = "GrpcGreeterClient", "..\GrpcGreeterClient\GrpcGreeterClient.csproj", "{4C37B152-9D4C-4CE8-9949-C915CCCB6AD7}"
EndProject
Project("{FAE04EC0-301F-11D3-BF4B-00C04F79EFBC}") = "PostComment", "..\PostComment\PostComment.csproj", "{E7287173-E990-4C38-8F92-A47A07D55594}"
EndProject
Global
	GlobalSection(SolutionConfigurationPlatforms) = preSolution
		Debug|Any CPU = Debug|Any CPU
		Release|Any CPU = Release|Any CPU
	EndGlobalSection
	GlobalSection(ProjectConfigurationPlatforms) = postSolution
		{29452C51-EF65-4258-B5CC-474A0DB40E5E}.Debug|Any CPU.ActiveCfg = Debug|Any CPU
		{29452C51-EF65-4258-B5CC-474A0DB40E5E}.Debug|Any CPU.Build.0 = Debug|Any CPU
		{29452C51-EF65-4258-B5CC-474A0DB40E5E}.Release|Any CPU.ActiveCfg = Release|Any CPU
		{29452C51-EF65-4258-B5CC-474A0DB40E5E}.Release|Any CPU.Build.0 = Release|Any CPU
		{4C37B152-9D4C-4CE8-9949-C915CCCB6AD7}.Debug|Any CPU.ActiveCfg = Debug|Any CPU
		{4C37B152-9D4C-4CE8-9949-C915CCCB6AD7}.Debug|Any CPU.Build.0 = Debug|Any CPU
		{4C37B152-9D4C-4CE8-9949-C915CCCB6AD7}.Release|Any CPU.ActiveCfg = Release|Any CPU
		{4C37B152-9D4C-4CE8-9949-C915CCCB6AD7}.Release|Any CPU.Build.0 = Release|Any CPU
		{E7287173-E990-4C38-8F92-A47A07D55594}.Debug|Any CPU.ActiveCfg = Debug|Any CPU
		{E7287173-E990-4C38-8F92-A47A07D55594}.Debug|Any CPU.Build.0 = Debug|Any CPU
		{E7287173-E990-4C38-8F92-A47A07D55594}.Release|Any CPU.ActiveCfg = Release|Any CPU
		{E7287173-E990-4C38-8F92-A47A07D55594}.Release|Any CPU.Build.0 = Release|Any CPU
	EndGlobalSection
	GlobalSection(SolutionProperties) = preSolution
		HideSolutionNode = FALSE
	EndGlobalSection
	GlobalSection(ExtensibilityGlobals) = postSolution
		SolutionGuid = {4417E989-058D-47ED-ACD6-577EA002D85E}
	EndGlobalSection
EndGlobal
